
Microsoft Visual Studio Solution File, Format Version 12.00
# Visual Studio Version 17
VisualStudioVersion = 17.7.34024.191
MinimumVisualStudioVersion = 10.0.40219.1
Project("{9A19103F-16F7-4668-BE54-9A1E7A4F7556}") = "Task1", "Task1\Task1.csproj", "{8C7B1DFB-C147-40EA-948B-64087FB7775B}"
EndProject
Project("{FAE04EC0-301F-11D3-BF4B-00C04F79EFBC}") = "Task2", "Task2\Task2.csproj", "{77492874-6933-4786-8CB3-D4CBF5BA1ECC}"
EndProject
Project("{FAE04EC0-301F-11D3-BF4B-00C04F79EFBC}") = "Task2_Net", "Task2_Net\Task2_Net.csproj", "{B6567683-4E11-4A6A-9E32-99FEDAD945BD}"
EndProject
Global
	GlobalSection(SolutionConfigurationPlatforms) = preSolution
		Debug|Any CPU = Debug|Any CPU
		Release|Any CPU = Release|Any CPU
	EndGlobalSection
	GlobalSection(ProjectConfigurationPlatforms) = postSolution
		{8C7B1DFB-C147-40EA-948B-64087FB7775B}.Debug|Any CPU.ActiveCfg = Debug|Any CPU
		{8C7B1DFB-C147-40EA-948B-64087FB7775B}.Debug|Any CPU.Build.0 = Debug|Any CPU
		{8C7B1DFB-C147-40EA-948B-64087FB7775B}.Release|Any CPU.ActiveCfg = Release|Any CPU
		{8C7B1DFB-C147-40EA-948B-64087FB7775B}.Release|Any CPU.Build.0 = Release|Any CPU
		{77492874-6933-4786-8CB3-D4CBF5BA1ECC}.Debug|Any CPU.ActiveCfg = Debug|Any CPU
		{77492874-6933-4786-8CB3-D4CBF5BA1ECC}.Debug|Any CPU.Build.0 = Debug|Any CPU
		{77492874-6933-4786-8CB3-D4CBF5BA1ECC}.Release|Any CPU.ActiveCfg = Release|Any CPU
		{77492874-6933-4786-8CB3-D4CBF5BA1ECC}.Release|Any CPU.Build.0 = Release|Any CPU
		{B6567683-4E11-4A6A-9E32-99FEDAD945BD}.Debug|Any CPU.ActiveCfg = Debug|Any CPU
		{B6567683-4E11-4A6A-9E32-99FEDAD945BD}.Debug|Any CPU.Build.0 = Debug|Any CPU
		{B6567683-4E11-4A6A-9E32-99FEDAD945BD}.Release|Any CPU.ActiveCfg = Release|Any CPU
		{B6567683-4E11-4A6A-9E32-99FEDAD945BD}.Release|Any CPU.Build.0 = Release|Any CPU
	EndGlobalSection
	GlobalSection(SolutionProperties) = preSolution
		HideSolutionNode = FALSE
	EndGlobalSection
	GlobalSection(ExtensibilityGlobals) = postSolution
		SolutionGuid = {90F050BF-A798-4B7B-8CAD-993FCBFDA6BE}
	EndGlobalSection
EndGlobal
